
Microsoft Visual Studio Solution File, Format Version 12.00
# Visual Studio 15
VisualStudioVersion = 15.0.27703.2026
MinimumVisualStudioVersion = 10.0.40219.1
Project("{54435603-DBB4-11D2-8724-00A0C9A8B90C}") = "Setup1", "Setup1\Setup1.vdproj", "{3FB1A28E-1B5D-4D88-B712-B0BE83F7B5F1}"
EndProject
Global
	GlobalSection(SolutionConfigurationPlatforms) = preSolution
		Debug|Default = Debug|Default
		Release|Default = Release|Default
	EndGlobalSection
	GlobalSection(ProjectConfigurationPlatforms) = postSolution
		{3FB1A28E-1B5D-4D88-B712-B0BE83F7B5F1}.Debug|Default.ActiveCfg = Debug
		{3FB1A28E-1B5D-4D88-B712-B0BE83F7B5F1}.Debug|Default.Build.0 = Debug
		{3FB1A28E-1B5D-4D88-B712-B0BE83F7B5F1}.Release|Default.ActiveCfg = Release
		{3FB1A28E-1B5D-4D88-B712-B0BE83F7B5F1}.Release|Default.Build.0 = Release
	EndGlobalSection
	GlobalSection(SolutionProperties) = preSolution
		HideSolutionNode = FALSE
	EndGlobalSection
	GlobalSection(ExtensibilityGlobals) = postSolution
		SolutionGuid = {E36C99BC-5241-4C6D-A611-9BC63707130E}
	EndGlobalSection
EndGlobal
